
Microsoft Visual Studio Solution File, Format Version 12.00
# Visual Studio Version 17
VisualStudioVersion = 17.12.35527.113
MinimumVisualStudioVersion = 10.0.40219.1
Project("{FAE04EC0-301F-11D3-BF4B-00C04F79EFBC}") = "Blazor.KubeXTerm", "Blazor.KubeXTerm\Blazor.KubeXTerm.csproj", "{688F280A-6E96-4B54-8F30-20FC9314A407}"
EndProject
Project("{FAE04EC0-301F-11D3-BF4B-00C04F79EFBC}") = "Blazor.KubeXTerm.Demo", "Blazor.KubeXTerm.Demo\Blazor.KubeXTerm.Demo.csproj", "{4E78EEDF-DE5E-48BA-BFDD-43A8BCBE1125}"
	ProjectSection(ProjectDependencies) = postProject
		{688F280A-6E96-4B54-8F30-20FC9314A407} = {688F280A-6E96-4B54-8F30-20FC9314A407}
	EndProjectSection
EndProject
Global
	GlobalSection(SolutionConfigurationPlatforms) = preSolution
		Debug|Any CPU = Debug|Any CPU
		Release|Any CPU = Release|Any CPU
	EndGlobalSection
	GlobalSection(ProjectConfigurationPlatforms) = postSolution
		{688F280A-6E96-4B54-8F30-20FC9314A407}.Debug|Any CPU.ActiveCfg = Debug|Any CPU
		{688F280A-6E96-4B54-8F30-20FC9314A407}.Debug|Any CPU.Build.0 = Debug|Any CPU
		{688F280A-6E96-4B54-8F30-20FC9314A407}.Release|Any CPU.ActiveCfg = Release|Any CPU
		{688F280A-6E96-4B54-8F30-20FC9314A407}.Release|Any CPU.Build.0 = Release|Any CPU
		{4E78EEDF-DE5E-48BA-BFDD-43A8BCBE1125}.Debug|Any CPU.ActiveCfg = Debug|Any CPU
		{4E78EEDF-DE5E-48BA-BFDD-43A8BCBE1125}.Debug|Any CPU.Build.0 = Debug|Any CPU
		{4E78EEDF-DE5E-48BA-BFDD-43A8BCBE1125}.Release|Any CPU.ActiveCfg = Release|Any CPU
		{4E78EEDF-DE5E-48BA-BFDD-43A8BCBE1125}.Release|Any CPU.Build.0 = Release|Any CPU
	EndGlobalSection
	GlobalSection(SolutionProperties) = preSolution
		HideSolutionNode = FALSE
	EndGlobalSection
EndGlobal
