
Microsoft Visual Studio Solution File, Format Version 12.00
# Visual Studio Version 17
VisualStudioVersion = 17.12.35527.113 d17.12
MinimumVisualStudioVersion = 10.0.40219.1
Project("{FAE04EC0-301F-11D3-BF4B-00C04F79EFBC}") = "MudBlazor.KubeXTerm", "MudBlazor.KubeXTerm\MudBlazor.KubeXTerm.csproj", "{19B87B12-E49D-420A-AB10-B30355D86B9E}"
EndProject
Project("{2150E333-8FDC-42A3-9474-1A3956D46DE8}") = "src", "src", "{1286A8B2-3334-4787-887B-2761DFA276AD}"
EndProject
Global
	GlobalSection(SolutionConfigurationPlatforms) = preSolution
		Debug|Any CPU = Debug|Any CPU
		Release|Any CPU = Release|Any CPU
	EndGlobalSection
	GlobalSection(ProjectConfigurationPlatforms) = postSolution
		{19B87B12-E49D-420A-AB10-B30355D86B9E}.Debug|Any CPU.ActiveCfg = Debug|Any CPU
		{19B87B12-E49D-420A-AB10-B30355D86B9E}.Debug|Any CPU.Build.0 = Debug|Any CPU
		{19B87B12-E49D-420A-AB10-B30355D86B9E}.Release|Any CPU.ActiveCfg = Release|Any CPU
		{19B87B12-E49D-420A-AB10-B30355D86B9E}.Release|Any CPU.Build.0 = Release|Any CPU
	EndGlobalSection
	GlobalSection(SolutionProperties) = preSolution
		HideSolutionNode = FALSE
	EndGlobalSection
	GlobalSection(NestedProjects) = preSolution
		{19B87B12-E49D-420A-AB10-B30355D86B9E} = {1286A8B2-3334-4787-887B-2761DFA276AD}
	EndGlobalSection
EndGlobal
